
Microsoft Visual Studio Solution File, Format Version 12.00
# Visual Studio 2013
VisualStudioVersion = 12.0.30501.0
MinimumVisualStudioVersion = 10.0.40219.1
Project("{FAE04EC0-301F-11D3-BF4B-00C04F79EFBC}") = "Compite2", "Compite2\Compite2.csproj", "{20F53A23-6634-4B6A-B44D-934929B83AE1}"
EndProject
Project("{FAE04EC0-301F-11D3-BF4B-00C04F79EFBC}") = "Compite2.Tests", "Compite2.Tests\Compite2.Tests.csproj", "{1CBF8F4B-E899-49AC-9D81-C91E09C854FD}"
EndProject
Global
	GlobalSection(SolutionConfigurationPlatforms) = preSolution
		Debug|Any CPU = Debug|Any CPU
		Release|Any CPU = Release|Any CPU
	EndGlobalSection
	GlobalSection(ProjectConfigurationPlatforms) = postSolution
		{20F53A23-6634-4B6A-B44D-934929B83AE1}.Debug|Any CPU.ActiveCfg = Debug|Any CPU
		{20F53A23-6634-4B6A-B44D-934929B83AE1}.Debug|Any CPU.Build.0 = Debug|Any CPU
		{20F53A23-6634-4B6A-B44D-934929B83AE1}.Release|Any CPU.ActiveCfg = Release|Any CPU
		{20F53A23-6634-4B6A-B44D-934929B83AE1}.Release|Any CPU.Build.0 = Release|Any CPU
		{1CBF8F4B-E899-49AC-9D81-C91E09C854FD}.Debug|Any CPU.ActiveCfg = Debug|Any CPU
		{1CBF8F4B-E899-49AC-9D81-C91E09C854FD}.Debug|Any CPU.Build.0 = Debug|Any CPU
		{1CBF8F4B-E899-49AC-9D81-C91E09C854FD}.Release|Any CPU.ActiveCfg = Release|Any CPU
		{1CBF8F4B-E899-49AC-9D81-C91E09C854FD}.Release|Any CPU.Build.0 = Release|Any CPU
	EndGlobalSection
	GlobalSection(SolutionProperties) = preSolution
		HideSolutionNode = FALSE
	EndGlobalSection
EndGlobal
